
Microsoft Visual Studio Solution File, Format Version 12.00
# Visual Studio 15
VisualStudioVersion = 15.0.27703.2042
MinimumVisualStudioVersion = 10.0.40219.1
Project("{FAE04EC0-301F-11D3-BF4B-00C04F79EFBC}") = "MiRazor", "MiRazor\MiRazor.csproj", "{E8BD89AA-86E9-469E-AD79-B219366D4E7D}"
EndProject
Global
	GlobalSection(SolutionConfigurationPlatforms) = preSolution
		Debug|Any CPU = Debug|Any CPU
		Release|Any CPU = Release|Any CPU
	EndGlobalSection
	GlobalSection(ProjectConfigurationPlatforms) = postSolution
		{E8BD89AA-86E9-469E-AD79-B219366D4E7D}.Debug|Any CPU.ActiveCfg = Debug|Any CPU
		{E8BD89AA-86E9-469E-AD79-B219366D4E7D}.Debug|Any CPU.Build.0 = Debug|Any CPU
		{E8BD89AA-86E9-469E-AD79-B219366D4E7D}.Release|Any CPU.ActiveCfg = Release|Any CPU
		{E8BD89AA-86E9-469E-AD79-B219366D4E7D}.Release|Any CPU.Build.0 = Release|Any CPU
	EndGlobalSection
	GlobalSection(SolutionProperties) = preSolution
		HideSolutionNode = FALSE
	EndGlobalSection
	GlobalSection(ExtensibilityGlobals) = postSolution
		SolutionGuid = {B629A706-86CF-4537-8AB6-4C3D61ABFB6F}
	EndGlobalSection
EndGlobal
