
Microsoft Visual Studio Solution File, Format Version 12.00
# Visual Studio 15
VisualStudioVersion = 15.0.27703.2042
MinimumVisualStudioVersion = 10.0.40219.1
Project("{FAE04EC0-301F-11D3-BF4B-00C04F79EFBC}") = "MyVistas", "MyVistas\MyVistas.csproj", "{D5DF1FA5-35A5-463D-B49D-56E2C9A49562}"
EndProject
Global
	GlobalSection(SolutionConfigurationPlatforms) = preSolution
		Debug|Any CPU = Debug|Any CPU
		Release|Any CPU = Release|Any CPU
	EndGlobalSection
	GlobalSection(ProjectConfigurationPlatforms) = postSolution
		{D5DF1FA5-35A5-463D-B49D-56E2C9A49562}.Debug|Any CPU.ActiveCfg = Debug|Any CPU
		{D5DF1FA5-35A5-463D-B49D-56E2C9A49562}.Debug|Any CPU.Build.0 = Debug|Any CPU
		{D5DF1FA5-35A5-463D-B49D-56E2C9A49562}.Release|Any CPU.ActiveCfg = Release|Any CPU
		{D5DF1FA5-35A5-463D-B49D-56E2C9A49562}.Release|Any CPU.Build.0 = Release|Any CPU
	EndGlobalSection
	GlobalSection(SolutionProperties) = preSolution
		HideSolutionNode = FALSE
	EndGlobalSection
	GlobalSection(ExtensibilityGlobals) = postSolution
		SolutionGuid = {00283855-29AD-4D4B-A119-12F586BC9F90}
	EndGlobalSection
EndGlobal
