
Microsoft Visual Studio Solution File, Format Version 12.00
# Visual Studio 15
VisualStudioVersion = 15.0.27703.2035
MinimumVisualStudioVersion = 10.0.40219.1
Project("{FAE04EC0-301F-11D3-BF4B-00C04F79EFBC}") = "Miprog1", "Miprog1\Miprog1.csproj", "{7419D570-4871-4226-AA40-C124F570D0FC}"
EndProject
Global
	GlobalSection(SolutionConfigurationPlatforms) = preSolution
		Debug|Any CPU = Debug|Any CPU
		Release|Any CPU = Release|Any CPU
	EndGlobalSection
	GlobalSection(ProjectConfigurationPlatforms) = postSolution
		{7419D570-4871-4226-AA40-C124F570D0FC}.Debug|Any CPU.ActiveCfg = Debug|Any CPU
		{7419D570-4871-4226-AA40-C124F570D0FC}.Debug|Any CPU.Build.0 = Debug|Any CPU
		{7419D570-4871-4226-AA40-C124F570D0FC}.Release|Any CPU.ActiveCfg = Release|Any CPU
		{7419D570-4871-4226-AA40-C124F570D0FC}.Release|Any CPU.Build.0 = Release|Any CPU
	EndGlobalSection
	GlobalSection(SolutionProperties) = preSolution
		HideSolutionNode = FALSE
	EndGlobalSection
	GlobalSection(ExtensibilityGlobals) = postSolution
		SolutionGuid = {001DE5F5-765E-4B3C-A6E8-B432F84C599E}
	EndGlobalSection
EndGlobal
